// !$*UTF8*$!
{
	archiveVersion = 1;
	classes = {
	};
	objectVersion = 46;
	objects = {

/* Begin PBXBuildFile section */
		22137F121BD8352E00006B54 /* Accounts.framework in Frameworks */ = {isa = PBXBuildFile; fileRef = 22137F111BD8352E00006B54 /* Accounts.framework */; };
		22137F141BD8364800006B54 /* AudioToolbox.framework in Frameworks */ = {isa = PBXBuildFile; fileRef = 22137F131BD8364800006B54 /* AudioToolbox.framework */; };
		22137F161BD8365400006B54 /* CFNetwork.framework in Frameworks */ = {isa = PBXBuildFile; fileRef = 22137F151BD8365400006B54 /* CFNetwork.framework */; };
		22137F181BD8366000006B54 /* CoreGraphics.framework in Frameworks */ = {isa = PBXBuildFile; fileRef = 22137F171BD8366000006B54 /* CoreGraphics.framework */; };
		22137F1A1BD8366B00006B54 /* CoreLocation.framework in Frameworks */ = {isa = PBXBuildFile; fileRef = 22137F191BD8366B00006B54 /* CoreLocation.framework */; };
		22137F1C1BD8367400006B54 /* QuartzCore.framework in Frameworks */ = {isa = PBXBuildFile; fileRef = 22137F1B1BD8367400006B54 /* QuartzCore.framework */; };
		22137F1E1BD8367F00006B54 /* Security.framework in Frameworks */ = {isa = PBXBuildFile; fileRef = 22137F1D1BD8367F00006B54 /* Security.framework */; };
		22137F201BD8368900006B54 /* Social.framework in Frameworks */ = {isa = PBXBuildFile; fileRef = 22137F1F1BD8368900006B54 /* Social.framework */; };
		22137F221BD8369300006B54 /* StoreKit.framework in Frameworks */ = {isa = PBXBuildFile; fileRef = 22137F211BD8369300006B54 /* StoreKit.framework */; };
		22137F241BD8369F00006B54 /* SystemConfiguration.framework in Frameworks */ = {isa = PBXBuildFile; fileRef = 22137F231BD8369F00006B54 /* SystemConfiguration.framework */; };
		22137F261BD836B000006B54 /* libz.tbd in Frameworks */ = {isa = PBXBuildFile; fileRef = 22137F251BD836B000006B54 /* libz.tbd */; };
		22137F281BD836BF00006B54 /* libsqlite3.tbd in Frameworks */ = {isa = PBXBuildFile; fileRef = 22137F271BD836BF00006B54 /* libsqlite3.tbd */; };
		22137F2B1BD8928700006B54 /* SignUpForm.swift in Sources */ = {isa = PBXBuildFile; fileRef = 22137F2A1BD8928700006B54 /* SignUpForm.swift */; settings = {ASSET_TAGS = (); }; };
		22137F2D1BD8933800006B54 /* SearchForm.swift in Sources */ = {isa = PBXBuildFile; fileRef = 22137F2C1BD8933800006B54 /* SearchForm.swift */; settings = {ASSET_TAGS = (); }; };
		22137F2F1BD8957600006B54 /* ParseManager.swift in Sources */ = {isa = PBXBuildFile; fileRef = 22137F2E1BD8957600006B54 /* ParseManager.swift */; settings = {ASSET_TAGS = (); }; };
		22137F311BD8F23700006B54 /* SignUpViewController.swift in Sources */ = {isa = PBXBuildFile; fileRef = 22137F301BD8F23700006B54 /* SignUpViewController.swift */; settings = {ASSET_TAGS = (); }; };
		226074C51BDF2DB100C52EA7 /* TabBarController.swift in Sources */ = {isa = PBXBuildFile; fileRef = 226074C41BDF2DB100C52EA7 /* TabBarController.swift */; settings = {ASSET_TAGS = (); }; };
		227327401BE0D99D009D78B7 /* iconWallet.png in Resources */ = {isa = PBXBuildFile; fileRef = 2273273F1BE0D99D009D78B7 /* iconWallet.png */; settings = {ASSET_TAGS = (); }; };
		22794B391BC74D1E008092AE /* Assets.xcassets in Resources */ = {isa = PBXBuildFile; fileRef = 22794B381BC74D1E008092AE /* Assets.xcassets */; settings = {ASSET_TAGS = (); }; };
		22794B3B1BC86883008092AE /* EventModel.swift in Sources */ = {isa = PBXBuildFile; fileRef = 22794B3A1BC86883008092AE /* EventModel.swift */; settings = {ASSET_TAGS = (); }; };
		22794B3D1BC86894008092AE /* ItemModel.swift in Sources */ = {isa = PBXBuildFile; fileRef = 22794B3C1BC86894008092AE /* ItemModel.swift */; settings = {ASSET_TAGS = (); }; };
		22896B951BD9B4FE00500A45 /* SignUpControllerTest.swift in Sources */ = {isa = PBXBuildFile; fileRef = 22896B941BD9B4FE00500A45 /* SignUpControllerTest.swift */; settings = {ASSET_TAGS = (); }; };
		22896B971BD9C03900500A45 /* Utils.swift in Sources */ = {isa = PBXBuildFile; fileRef = 22896B961BD9C03900500A45 /* Utils.swift */; settings = {ASSET_TAGS = (); }; };
		22896B991BD9C22700500A45 /* UtilsTest.swift in Sources */ = {isa = PBXBuildFile; fileRef = 22896B981BD9C22700500A45 /* UtilsTest.swift */; settings = {ASSET_TAGS = (); }; };
		228B57921BDAF7B6006C3822 /* ParseManagerTest.swift in Sources */ = {isa = PBXBuildFile; fileRef = 228B57911BDAF7B6006C3822 /* ParseManagerTest.swift */; settings = {ASSET_TAGS = (); }; };
		2295ADA81BCDA55900CB9601 /* SetttingsViewController.swift in Sources */ = {isa = PBXBuildFile; fileRef = 2295ADA71BCDA55900CB9601 /* SetttingsViewController.swift */; settings = {ASSET_TAGS = (); }; };
		229BA6431BC251A700FFEA41 /* UserModel.swift in Sources */ = {isa = PBXBuildFile; fileRef = 229BA6421BC251A700FFEA41 /* UserModel.swift */; settings = {ASSET_TAGS = (); }; };
		229BA6451BC251B000FFEA41 /* HomeModel.swift in Sources */ = {isa = PBXBuildFile; fileRef = 229BA6441BC251B000FFEA41 /* HomeModel.swift */; settings = {ASSET_TAGS = (); }; };
		229BA6471BC26CAC00FFEA41 /* UserModelJson.json in Sources */ = {isa = PBXBuildFile; fileRef = 3EC1EE4693BD9E4EB29CC822 /* UserModelJson.json */; };
		22B19B381BC5C09F00241232 /* LoginControllerTest.swift in Sources */ = {isa = PBXBuildFile; fileRef = 22B19B371BC5C09F00241232 /* LoginControllerTest.swift */; settings = {ASSET_TAGS = (); }; };
		22B19B3A1BC5D21B00241232 /* HomeViewController.swift in Sources */ = {isa = PBXBuildFile; fileRef = 22B19B391BC5D21B00241232 /* HomeViewController.swift */; settings = {ASSET_TAGS = (); }; };
		22B2193D1BDC703100876CA6 /* PrimitivesExtension.swift in Sources */ = {isa = PBXBuildFile; fileRef = 22B2193C1BDC703100876CA6 /* PrimitivesExtension.swift */; settings = {ASSET_TAGS = (); }; };
		22C16C3F1BC2708400D02243 /* UserInfo.swift in Sources */ = {isa = PBXBuildFile; fileRef = 22C16C3E1BC2708400D02243 /* UserInfo.swift */; settings = {ASSET_TAGS = (); }; };
		22C16C411BC2839B00D02243 /* Constants.swift in Sources */ = {isa = PBXBuildFile; fileRef = 22C16C401BC2839B00D02243 /* Constants.swift */; settings = {ASSET_TAGS = (); }; };
		22C189F61BD0B8E30098B55B /* EventUIView.xib in Resources */ = {isa = PBXBuildFile; fileRef = 22C189F51BD0B8E30098B55B /* EventUIView.xib */; settings = {ASSET_TAGS = (); }; };
		22C189F81BD0B8FF0098B55B /* EventUIView.swift in Sources */ = {isa = PBXBuildFile; fileRef = 22C189F71BD0B8FF0098B55B /* EventUIView.swift */; settings = {ASSET_TAGS = (); }; };
		22C189FA1BD0BE9D0098B55B /* EventItemCell.swift in Sources */ = {isa = PBXBuildFile; fileRef = 22C189F91BD0BE9D0098B55B /* EventItemCell.swift */; settings = {ASSET_TAGS = (); }; };
		22C189FC1BD0BEB90098B55B /* EventItemCell.xib in Resources */ = {isa = PBXBuildFile; fileRef = 22C189FB1BD0BEB90098B55B /* EventItemCell.xib */; settings = {ASSET_TAGS = (); }; };
		22E3E0F81BE06E3400FE560E /* BackEndCallCompleteProtocol.swift in Sources */ = {isa = PBXBuildFile; fileRef = 22E3E0F71BE06E3400FE560E /* BackEndCallCompleteProtocol.swift */; settings = {ASSET_TAGS = (); }; };
		22E3E0FA1BE0895E00FE560E /* DataHelper.swift in Sources */ = {isa = PBXBuildFile; fileRef = 22E3E0F91BE0895E00FE560E /* DataHelper.swift */; settings = {ASSET_TAGS = (); }; };
		22E8585D1BDB2DF200FB141B /* AlertHelper.swift in Sources */ = {isa = PBXBuildFile; fileRef = 22E8585C1BDB2DF200FB141B /* AlertHelper.swift */; settings = {ASSET_TAGS = (); }; };
		22F27E671BD088F2009A4600 /* MarketItemCell.swift in Sources */ = {isa = PBXBuildFile; fileRef = 22F27E661BD088F2009A4600 /* MarketItemCell.swift */; settings = {ASSET_TAGS = (); }; };
		22F27E6B1BD08A3B009A4600 /* MarketItemCell.xib in Resources */ = {isa = PBXBuildFile; fileRef = 22F27E6A1BD08A3B009A4600 /* MarketItemCell.xib */; settings = {ASSET_TAGS = (); }; };
		22F2BDAE1BCC7C53003F1F93 /* FinanceViewController.swift in Sources */ = {isa = PBXBuildFile; fileRef = 22F2BDAD1BCC7C53003F1F93 /* FinanceViewController.swift */; settings = {ASSET_TAGS = (); }; };
		22F2BDB01BCC7CEA003F1F93 /* EventsViewController.swift in Sources */ = {isa = PBXBuildFile; fileRef = 22F2BDAF1BCC7CEA003F1F93 /* EventsViewController.swift */; settings = {ASSET_TAGS = (); }; };
		22F2BDB21BCC8DB0003F1F93 /* MarketViewController.swift in Sources */ = {isa = PBXBuildFile; fileRef = 22F2BDB11BCC8DB0003F1F93 /* MarketViewController.swift */; settings = {ASSET_TAGS = (); }; };
		22F5A4441BC030540050E298 /* AppDelegate.swift in Sources */ = {isa = PBXBuildFile; fileRef = 22F5A4431BC030540050E298 /* AppDelegate.swift */; };
		22F5A4461BC030540050E298 /* LoginViewController.swift in Sources */ = {isa = PBXBuildFile; fileRef = 22F5A4451BC030540050E298 /* LoginViewController.swift */; };
		22F5A4491BC030540050E298 /* Main.storyboard in Resources */ = {isa = PBXBuildFile; fileRef = 22F5A4471BC030540050E298 /* Main.storyboard */; };
		22F5A44E1BC030540050E298 /* LaunchScreen.storyboard in Resources */ = {isa = PBXBuildFile; fileRef = 22F5A44C1BC030540050E298 /* LaunchScreen.storyboard */; };
		22F5A4641BC030540050E298 /* HomieUITests.swift in Sources */ = {isa = PBXBuildFile; fileRef = 22F5A4631BC030540050E298 /* HomieUITests.swift */; };
		3EC1E5029EDC3225307C9EEA /* MockBackendData.swift in Sources */ = {isa = PBXBuildFile; fileRef = 3EC1EFF8A6F890251972C95E /* MockBackendData.swift */; };
		3EC1E7A6513357B5502F2D82 /* BackEndProtocol.swift in Sources */ = {isa = PBXBuildFile; fileRef = 3EC1E0C8DF5A79ED25E9EFFC /* BackEndProtocol.swift */; };
		3EC1E89CC730DE4ABE1CB005 /* MockBackEndManager.swift in Sources */ = {isa = PBXBuildFile; fileRef = 3EC1E8E5D5F7EEEF9A072271 /* MockBackEndManager.swift */; };
		3EC1E9638F11320AED5DAA3A /* UserModelJson.json in Resources */ = {isa = PBXBuildFile; fileRef = 3EC1EE4693BD9E4EB29CC822 /* UserModelJson.json */; };
		3EC1EE1DB587041043F9A140 /* LoginForm.swift in Sources */ = {isa = PBXBuildFile; fileRef = 3EC1E09090B4D55AE0561645 /* LoginForm.swift */; };
		874B3BD417CBB5C15E45A743 /* Pods_Homie.framework in Frameworks */ = {isa = PBXBuildFile; fileRef = CFE1BCE1700007DC01417445 /* Pods_Homie.framework */; settings = {ATTRIBUTES = (Weak, ); }; };
/* End PBXBuildFile section */

/* Begin PBXContainerItemProxy section */
		22F5A4551BC030540050E298 /* PBXContainerItemProxy */ = {
			isa = PBXContainerItemProxy;
			containerPortal = 22F5A4381BC030540050E298 /* Project object */;
			proxyType = 1;
			remoteGlobalIDString = 22F5A43F1BC030540050E298;
			remoteInfo = Homie;
		};
		22F5A4601BC030540050E298 /* PBXContainerItemProxy */ = {
			isa = PBXContainerItemProxy;
			containerPortal = 22F5A4381BC030540050E298 /* Project object */;
			proxyType = 1;
			remoteGlobalIDString = 22F5A43F1BC030540050E298;
			remoteInfo = Homie;
		};
/* End PBXContainerItemProxy section */

/* Begin PBXFileReference section */
		22137F111BD8352E00006B54 /* Accounts.framework */ = {isa = PBXFileReference; lastKnownFileType = wrapper.framework; name = Accounts.framework; path = System/Library/Frameworks/Accounts.framework; sourceTree = SDKROOT; };
		22137F131BD8364800006B54 /* AudioToolbox.framework */ = {isa = PBXFileReference; lastKnownFileType = wrapper.framework; name = AudioToolbox.framework; path = System/Library/Frameworks/AudioToolbox.framework; sourceTree = SDKROOT; };
		22137F151BD8365400006B54 /* CFNetwork.framework */ = {isa = PBXFileReference; lastKnownFileType = wrapper.framework; name = CFNetwork.framework; path = System/Library/Frameworks/CFNetwork.framework; sourceTree = SDKROOT; };
		22137F171BD8366000006B54 /* CoreGraphics.framework */ = {isa = PBXFileReference; lastKnownFileType = wrapper.framework; name = CoreGraphics.framework; path = System/Library/Frameworks/CoreGraphics.framework; sourceTree = SDKROOT; };
		22137F191BD8366B00006B54 /* CoreLocation.framework */ = {isa = PBXFileReference; lastKnownFileType = wrapper.framework; name = CoreLocation.framework; path = System/Library/Frameworks/CoreLocation.framework; sourceTree = SDKROOT; };
		22137F1B1BD8367400006B54 /* QuartzCore.framework */ = {isa = PBXFileReference; lastKnownFileType = wrapper.framework; name = QuartzCore.framework; path = System/Library/Frameworks/QuartzCore.framework; sourceTree = SDKROOT; };
		22137F1D1BD8367F00006B54 /* Security.framework */ = {isa = PBXFileReference; lastKnownFileType = wrapper.framework; name = Security.framework; path = System/Library/Frameworks/Security.framework; sourceTree = SDKROOT; };
		22137F1F1BD8368900006B54 /* Social.framework */ = {isa = PBXFileReference; lastKnownFileType = wrapper.framework; name = Social.framework; path = System/Library/Frameworks/Social.framework; sourceTree = SDKROOT; };
		22137F211BD8369300006B54 /* StoreKit.framework */ = {isa = PBXFileReference; lastKnownFileType = wrapper.framework; name = StoreKit.framework; path = System/Library/Frameworks/StoreKit.framework; sourceTree = SDKROOT; };
		22137F231BD8369F00006B54 /* SystemConfiguration.framework */ = {isa = PBXFileReference; lastKnownFileType = wrapper.framework; name = SystemConfiguration.framework; path = System/Library/Frameworks/SystemConfiguration.framework; sourceTree = SDKROOT; };
		22137F251BD836B000006B54 /* libz.tbd */ = {isa = PBXFileReference; lastKnownFileType = "sourcecode.text-based-dylib-definition"; name = libz.tbd; path = usr/lib/libz.tbd; sourceTree = SDKROOT; };
		22137F271BD836BF00006B54 /* libsqlite3.tbd */ = {isa = PBXFileReference; lastKnownFileType = "sourcecode.text-based-dylib-definition"; name = libsqlite3.tbd; path = usr/lib/libsqlite3.tbd; sourceTree = SDKROOT; };
		22137F2A1BD8928700006B54 /* SignUpForm.swift */ = {isa = PBXFileReference; fileEncoding = 4; lastKnownFileType = sourcecode.swift; path = SignUpForm.swift; sourceTree = "<group>"; };
		22137F2C1BD8933800006B54 /* SearchForm.swift */ = {isa = PBXFileReference; fileEncoding = 4; lastKnownFileType = sourcecode.swift; path = SearchForm.swift; sourceTree = "<group>"; };
		22137F2E1BD8957600006B54 /* ParseManager.swift */ = {isa = PBXFileReference; fileEncoding = 4; lastKnownFileType = sourcecode.swift; path = ParseManager.swift; sourceTree = "<group>"; };
		22137F301BD8F23700006B54 /* SignUpViewController.swift */ = {isa = PBXFileReference; fileEncoding = 4; lastKnownFileType = sourcecode.swift; path = SignUpViewController.swift; sourceTree = "<group>"; };
		226074C41BDF2DB100C52EA7 /* TabBarController.swift */ = {isa = PBXFileReference; fileEncoding = 4; lastKnownFileType = sourcecode.swift; path = TabBarController.swift; sourceTree = "<group>"; };
		2273273F1BE0D99D009D78B7 /* iconWallet.png */ = {isa = PBXFileReference; lastKnownFileType = image.png; name = iconWallet.png; path = Assets.xcassets/iconWallet.png; sourceTree = "<group>"; };
		22794B381BC74D1E008092AE /* Assets.xcassets */ = {isa = PBXFileReference; lastKnownFileType = folder.assetcatalog; path = Assets.xcassets; sourceTree = "<group>"; };
		22794B3A1BC86883008092AE /* EventModel.swift */ = {isa = PBXFileReference; fileEncoding = 4; lastKnownFileType = sourcecode.swift; path = EventModel.swift; sourceTree = "<group>"; };
		22794B3C1BC86894008092AE /* ItemModel.swift */ = {isa = PBXFileReference; fileEncoding = 4; lastKnownFileType = sourcecode.swift; path = ItemModel.swift; sourceTree = "<group>"; };
		22896B941BD9B4FE00500A45 /* SignUpControllerTest.swift */ = {isa = PBXFileReference; fileEncoding = 4; lastKnownFileType = sourcecode.swift; path = SignUpControllerTest.swift; sourceTree = "<group>"; };
		22896B961BD9C03900500A45 /* Utils.swift */ = {isa = PBXFileReference; fileEncoding = 4; lastKnownFileType = sourcecode.swift; path = Utils.swift; sourceTree = "<group>"; };
		22896B981BD9C22700500A45 /* UtilsTest.swift */ = {isa = PBXFileReference; fileEncoding = 4; lastKnownFileType = sourcecode.swift; path = UtilsTest.swift; sourceTree = "<group>"; };
		228B57911BDAF7B6006C3822 /* ParseManagerTest.swift */ = {isa = PBXFileReference; fileEncoding = 4; lastKnownFileType = sourcecode.swift; path = ParseManagerTest.swift; sourceTree = "<group>"; };
		2295ADA71BCDA55900CB9601 /* SetttingsViewController.swift */ = {isa = PBXFileReference; fileEncoding = 4; lastKnownFileType = sourcecode.swift; path = SetttingsViewController.swift; sourceTree = "<group>"; };
		229BA6421BC251A700FFEA41 /* UserModel.swift */ = {isa = PBXFileReference; fileEncoding = 4; lastKnownFileType = sourcecode.swift; path = UserModel.swift; sourceTree = "<group>"; };
		229BA6441BC251B000FFEA41 /* HomeModel.swift */ = {isa = PBXFileReference; fileEncoding = 4; lastKnownFileType = sourcecode.swift; path = HomeModel.swift; sourceTree = "<group>"; };
		22B19B371BC5C09F00241232 /* LoginControllerTest.swift */ = {isa = PBXFileReference; fileEncoding = 4; lastKnownFileType = sourcecode.swift; path = LoginControllerTest.swift; sourceTree = "<group>"; };
		22B19B391BC5D21B00241232 /* HomeViewController.swift */ = {isa = PBXFileReference; fileEncoding = 4; lastKnownFileType = sourcecode.swift; name = HomeViewController.swift; path = ../Controllers/HomeViewController.swift; sourceTree = "<group>"; };
		22B2193C1BDC703100876CA6 /* PrimitivesExtension.swift */ = {isa = PBXFileReference; fileEncoding = 4; lastKnownFileType = sourcecode.swift; path = PrimitivesExtension.swift; sourceTree = "<group>"; };
		22C16C3E1BC2708400D02243 /* UserInfo.swift */ = {isa = PBXFileReference; fileEncoding = 4; lastKnownFileType = sourcecode.swift; path = UserInfo.swift; sourceTree = "<group>"; };
		22C16C401BC2839B00D02243 /* Constants.swift */ = {isa = PBXFileReference; fileEncoding = 4; lastKnownFileType = sourcecode.swift; path = Constants.swift; sourceTree = "<group>"; };
		22C189F51BD0B8E30098B55B /* EventUIView.xib */ = {isa = PBXFileReference; fileEncoding = 4; lastKnownFileType = file.xib; path = EventUIView.xib; sourceTree = "<group>"; };
		22C189F71BD0B8FF0098B55B /* EventUIView.swift */ = {isa = PBXFileReference; fileEncoding = 4; lastKnownFileType = sourcecode.swift; path = EventUIView.swift; sourceTree = "<group>"; };
		22C189F91BD0BE9D0098B55B /* EventItemCell.swift */ = {isa = PBXFileReference; fileEncoding = 4; lastKnownFileType = sourcecode.swift; path = EventItemCell.swift; sourceTree = "<group>"; };
		22C189FB1BD0BEB90098B55B /* EventItemCell.xib */ = {isa = PBXFileReference; fileEncoding = 4; lastKnownFileType = file.xib; path = EventItemCell.xib; sourceTree = "<group>"; };
		22E3E0F71BE06E3400FE560E /* BackEndCallCompleteProtocol.swift */ = {isa = PBXFileReference; fileEncoding = 4; lastKnownFileType = sourcecode.swift; path = BackEndCallCompleteProtocol.swift; sourceTree = "<group>"; };
		22E3E0F91BE0895E00FE560E /* DataHelper.swift */ = {isa = PBXFileReference; fileEncoding = 4; lastKnownFileType = sourcecode.swift; path = DataHelper.swift; sourceTree = "<group>"; };
		22E8585C1BDB2DF200FB141B /* AlertHelper.swift */ = {isa = PBXFileReference; fileEncoding = 4; lastKnownFileType = sourcecode.swift; path = AlertHelper.swift; sourceTree = "<group>"; };
		22F27E661BD088F2009A4600 /* MarketItemCell.swift */ = {isa = PBXFileReference; fileEncoding = 4; lastKnownFileType = sourcecode.swift; path = MarketItemCell.swift; sourceTree = "<group>"; };
		22F27E6A1BD08A3B009A4600 /* MarketItemCell.xib */ = {isa = PBXFileReference; fileEncoding = 4; lastKnownFileType = file.xib; path = MarketItemCell.xib; sourceTree = "<group>"; };
		22F2BDAD1BCC7C53003F1F93 /* FinanceViewController.swift */ = {isa = PBXFileReference; fileEncoding = 4; lastKnownFileType = sourcecode.swift; name = FinanceViewController.swift; path = ../Controllers/FinanceViewController.swift; sourceTree = "<group>"; };
		22F2BDAF1BCC7CEA003F1F93 /* EventsViewController.swift */ = {isa = PBXFileReference; fileEncoding = 4; lastKnownFileType = sourcecode.swift; name = EventsViewController.swift; path = ../Controllers/EventsViewController.swift; sourceTree = "<group>"; };
		22F2BDB11BCC8DB0003F1F93 /* MarketViewController.swift */ = {isa = PBXFileReference; fileEncoding = 4; lastKnownFileType = sourcecode.swift; path = MarketViewController.swift; sourceTree = "<group>"; };
		22F5A4401BC030540050E298 /* Homie.app */ = {isa = PBXFileReference; explicitFileType = wrapper.application; includeInIndex = 0; path = Homie.app; sourceTree = BUILT_PRODUCTS_DIR; };
		22F5A4431BC030540050E298 /* AppDelegate.swift */ = {isa = PBXFileReference; lastKnownFileType = sourcecode.swift; path = AppDelegate.swift; sourceTree = "<group>"; };
		22F5A4451BC030540050E298 /* LoginViewController.swift */ = {isa = PBXFileReference; lastKnownFileType = sourcecode.swift; name = LoginViewController.swift; path = ../LoginViewController.swift; sourceTree = "<group>"; };
		22F5A4481BC030540050E298 /* Base */ = {isa = PBXFileReference; lastKnownFileType = file.storyboard; name = Base; path = Base.lproj/Main.storyboard; sourceTree = "<group>"; };
		22F5A44D1BC030540050E298 /* Base */ = {isa = PBXFileReference; lastKnownFileType = file.storyboard; name = Base; path = Base.lproj/LaunchScreen.storyboard; sourceTree = "<group>"; };
		22F5A44F1BC030540050E298 /* Info.plist */ = {isa = PBXFileReference; lastKnownFileType = text.plist.xml; path = Info.plist; sourceTree = "<group>"; };
		22F5A4541BC030540050E298 /* HomieTests.xctest */ = {isa = PBXFileReference; explicitFileType = wrapper.cfbundle; includeInIndex = 0; path = HomieTests.xctest; sourceTree = BUILT_PRODUCTS_DIR; };
		22F5A45A1BC030540050E298 /* Info.plist */ = {isa = PBXFileReference; lastKnownFileType = text.plist.xml; path = Info.plist; sourceTree = "<group>"; };
		22F5A45F1BC030540050E298 /* HomieUITests.xctest */ = {isa = PBXFileReference; explicitFileType = wrapper.cfbundle; includeInIndex = 0; path = HomieUITests.xctest; sourceTree = BUILT_PRODUCTS_DIR; };
		22F5A4631BC030540050E298 /* HomieUITests.swift */ = {isa = PBXFileReference; lastKnownFileType = sourcecode.swift; path = HomieUITests.swift; sourceTree = "<group>"; };
		22F5A4651BC030540050E298 /* Info.plist */ = {isa = PBXFileReference; lastKnownFileType = text.plist.xml; path = Info.plist; sourceTree = "<group>"; };
		3EC1E09090B4D55AE0561645 /* LoginForm.swift */ = {isa = PBXFileReference; fileEncoding = 4; lastKnownFileType = sourcecode.swift; path = LoginForm.swift; sourceTree = "<group>"; };
		3EC1E0C8DF5A79ED25E9EFFC /* BackEndProtocol.swift */ = {isa = PBXFileReference; fileEncoding = 4; lastKnownFileType = sourcecode.swift; path = BackEndProtocol.swift; sourceTree = "<group>"; };
		3EC1E8E5D5F7EEEF9A072271 /* MockBackEndManager.swift */ = {isa = PBXFileReference; fileEncoding = 4; lastKnownFileType = sourcecode.swift; path = MockBackEndManager.swift; sourceTree = "<group>"; };
		3EC1EE4693BD9E4EB29CC822 /* UserModelJson.json */ = {isa = PBXFileReference; lastKnownFileType = text.json; path = UserModelJson.json; sourceTree = "<group>"; };
		3EC1EFF8A6F890251972C95E /* MockBackendData.swift */ = {isa = PBXFileReference; fileEncoding = 4; lastKnownFileType = sourcecode.swift; path = MockBackendData.swift; sourceTree = "<group>"; };
		51A19C6DD93C3E38B4BFA848 /* Pods-Homie.release.xcconfig */ = {isa = PBXFileReference; includeInIndex = 1; lastKnownFileType = text.xcconfig; name = "Pods-Homie.release.xcconfig"; path = "Pods/Target Support Files/Pods-Homie/Pods-Homie.release.xcconfig"; sourceTree = "<group>"; };
		AD9FE8CC8FA759738C5875FC /* Pods-Homie.debug.xcconfig */ = {isa = PBXFileReference; includeInIndex = 1; lastKnownFileType = text.xcconfig; name = "Pods-Homie.debug.xcconfig"; path = "Pods/Target Support Files/Pods-Homie/Pods-Homie.debug.xcconfig"; sourceTree = "<group>"; };
		CFE1BCE1700007DC01417445 /* Pods_Homie.framework */ = {isa = PBXFileReference; explicitFileType = wrapper.framework; includeInIndex = 0; path = Pods_Homie.framework; sourceTree = BUILT_PRODUCTS_DIR; };
/* End PBXFileReference section */

/* Begin PBXFrameworksBuildPhase section */
		22F5A43D1BC030540050E298 /* Frameworks */ = {
			isa = PBXFrameworksBuildPhase;
			buildActionMask = 2147483647;
			files = (
				22137F281BD836BF00006B54 /* libsqlite3.tbd in Frameworks */,
				22137F261BD836B000006B54 /* libz.tbd in Frameworks */,
				22137F241BD8369F00006B54 /* SystemConfiguration.framework in Frameworks */,
				22137F221BD8369300006B54 /* StoreKit.framework in Frameworks */,
				22137F201BD8368900006B54 /* Social.framework in Frameworks */,
				22137F1E1BD8367F00006B54 /* Security.framework in Frameworks */,
				22137F1C1BD8367400006B54 /* QuartzCore.framework in Frameworks */,
				22137F1A1BD8366B00006B54 /* CoreLocation.framework in Frameworks */,
				22137F181BD8366000006B54 /* CoreGraphics.framework in Frameworks */,
				22137F161BD8365400006B54 /* CFNetwork.framework in Frameworks */,
				22137F141BD8364800006B54 /* AudioToolbox.framework in Frameworks */,
				22137F121BD8352E00006B54 /* Accounts.framework in Frameworks */,
				874B3BD417CBB5C15E45A743 /* Pods_Homie.framework in Frameworks */,
			);
			runOnlyForDeploymentPostprocessing = 0;
		};
		22F5A4511BC030540050E298 /* Frameworks */ = {
			isa = PBXFrameworksBuildPhase;
			buildActionMask = 2147483647;
			files = (
			);
			runOnlyForDeploymentPostprocessing = 0;
		};
		22F5A45C1BC030540050E298 /* Frameworks */ = {
			isa = PBXFrameworksBuildPhase;
			buildActionMask = 2147483647;
			files = (
			);
			runOnlyForDeploymentPostprocessing = 0;
		};
/* End PBXFrameworksBuildPhase section */

/* Begin PBXGroup section */
		22137F291BD87D7200006B54 /* Deprecated */ = {
			isa = PBXGroup;
			children = (
				22F2BDAF1BCC7CEA003F1F93 /* EventsViewController.swift */,
				22B19B391BC5D21B00241232 /* HomeViewController.swift */,
				22F2BDAD1BCC7C53003F1F93 /* FinanceViewController.swift */,
			);
			path = Deprecated;
			sourceTree = "<group>";
		};
		229BA63B1BC246F700FFEA41 /* Models */ = {
			isa = PBXGroup;
			children = (
				229BA6421BC251A700FFEA41 /* UserModel.swift */,
				229BA6441BC251B000FFEA41 /* HomeModel.swift */,
				22794B3A1BC86883008092AE /* EventModel.swift */,
				22794B3C1BC86894008092AE /* ItemModel.swift */,
				3EC1E6296516D1ECC9209D6C /* Structs */,
			);
			path = Models;
			sourceTree = "<group>";
		};
		229BA63C1BC2470E00FFEA41 /* Views */ = {
			isa = PBXGroup;
			children = (
				22C189FD1BD1A39E0098B55B /* xib */,
				22F27E661BD088F2009A4600 /* MarketItemCell.swift */,
				22C189F71BD0B8FF0098B55B /* EventUIView.swift */,
				22C189F91BD0BE9D0098B55B /* EventItemCell.swift */,
			);
			path = Views;
			sourceTree = "<group>";
		};
		229BA63D1BC2471800FFEA41 /* ViewModels */ = {
			isa = PBXGroup;
			children = (
			);
			path = ViewModels;
			sourceTree = "<group>";
		};
		229BA63E1BC2472100FFEA41 /* Controllers */ = {
			isa = PBXGroup;
			children = (
				22F5A4451BC030540050E298 /* LoginViewController.swift */,
				22F2BDB11BCC8DB0003F1F93 /* MarketViewController.swift */,
				2295ADA71BCDA55900CB9601 /* SetttingsViewController.swift */,
				22137F301BD8F23700006B54 /* SignUpViewController.swift */,
				226074C41BDF2DB100C52EA7 /* TabBarController.swift */,
			);
			path = Controllers;
			sourceTree = "<group>";
		};
		229BA63F1BC2473D00FFEA41 /* Stores */ = {
			isa = PBXGroup;
			children = (
				3EC1EFF8A6F890251972C95E /* MockBackendData.swift */,
				22C16C401BC2839B00D02243 /* Constants.swift */,
			);
			path = Stores;
			sourceTree = "<group>";
		};
		229BA6401BC2474700FFEA41 /* Helpers */ = {
			isa = PBXGroup;
			children = (
				22896B961BD9C03900500A45 /* Utils.swift */,
				22E8585C1BDB2DF200FB141B /* AlertHelper.swift */,
				22B2193C1BDC703100876CA6 /* PrimitivesExtension.swift */,
				22E3E0F71BE06E3400FE560E /* BackEndCallCompleteProtocol.swift */,
				22E3E0F91BE0895E00FE560E /* DataHelper.swift */,
			);
			path = Helpers;
			sourceTree = "<group>";
		};
		229BA6461BC2569100FFEA41 /* Network */ = {
			isa = PBXGroup;
			children = (
				3EC1E0C8DF5A79ED25E9EFFC /* BackEndProtocol.swift */,
				3EC1E8E5D5F7EEEF9A072271 /* MockBackEndManager.swift */,
				22137F2E1BD8957600006B54 /* ParseManager.swift */,
			);
			path = Network;
			sourceTree = "<group>";
		};
		22C189FD1BD1A39E0098B55B /* xib */ = {
			isa = PBXGroup;
			children = (
				22C189FB1BD0BEB90098B55B /* EventItemCell.xib */,
				22F27E6A1BD08A3B009A4600 /* MarketItemCell.xib */,
				22C189F51BD0B8E30098B55B /* EventUIView.xib */,
			);
			path = xib;
			sourceTree = "<group>";
		};
		22F5A4371BC030540050E298 = {
			isa = PBXGroup;
			children = (
				22F5A4421BC030540050E298 /* Homie */,
				22F5A4571BC030540050E298 /* HomieTests */,
				22F5A4621BC030540050E298 /* HomieUITests */,
				22F5A4411BC030540050E298 /* Products */,
				FF1F8B09E94648D2F0DA17F2 /* Pods */,
				80CF5AD9D7B0263A3AD4C0D3 /* Frameworks */,
			);
			sourceTree = "<group>";
		};
		22F5A4411BC030540050E298 /* Products */ = {
			isa = PBXGroup;
			children = (
				22F5A4401BC030540050E298 /* Homie.app */,
				22F5A4541BC030540050E298 /* HomieTests.xctest */,
				22F5A45F1BC030540050E298 /* HomieUITests.xctest */,
			);
			name = Products;
			sourceTree = "<group>";
		};
		22F5A4421BC030540050E298 /* Homie */ = {
			isa = PBXGroup;
			children = (
				22137F291BD87D7200006B54 /* Deprecated */,
				229BA6461BC2569100FFEA41 /* Network */,
				229BA6401BC2474700FFEA41 /* Helpers */,
				229BA63F1BC2473D00FFEA41 /* Stores */,
				229BA63E1BC2472100FFEA41 /* Controllers */,
				229BA63D1BC2471800FFEA41 /* ViewModels */,
				229BA63C1BC2470E00FFEA41 /* Views */,
				229BA63B1BC246F700FFEA41 /* Models */,
				22F5A4431BC030540050E298 /* AppDelegate.swift */,
				22F5A4471BC030540050E298 /* Main.storyboard */,
				22794B381BC74D1E008092AE /* Assets.xcassets */,
				2273273F1BE0D99D009D78B7 /* iconWallet.png */,
				22F5A44C1BC030540050E298 /* LaunchScreen.storyboard */,
				22F5A44F1BC030540050E298 /* Info.plist */,
				3EC1EE4693BD9E4EB29CC822 /* UserModelJson.json */,
			);
			path = Homie;
			sourceTree = "<group>";
		};
		22F5A4571BC030540050E298 /* HomieTests */ = {
			isa = PBXGroup;
			children = (
				22F5A45A1BC030540050E298 /* Info.plist */,
				22B19B371BC5C09F00241232 /* LoginControllerTest.swift */,
				22896B941BD9B4FE00500A45 /* SignUpControllerTest.swift */,
				22896B981BD9C22700500A45 /* UtilsTest.swift */,
				228B57911BDAF7B6006C3822 /* ParseManagerTest.swift */,
			);
			path = HomieTests;
			sourceTree = "<group>";
		};
		22F5A4621BC030540050E298 /* HomieUITests */ = {
			isa = PBXGroup;
			children = (
				22F5A4631BC030540050E298 /* HomieUITests.swift */,
				22F5A4651BC030540050E298 /* Info.plist */,
			);
			path = HomieUITests;
			sourceTree = "<group>";
		};
		3EC1E6296516D1ECC9209D6C /* Structs */ = {
			isa = PBXGroup;
			children = (
				3EC1E09090B4D55AE0561645 /* LoginForm.swift */,
				22C16C3E1BC2708400D02243 /* UserInfo.swift */,
				22137F2A1BD8928700006B54 /* SignUpForm.swift */,
				22137F2C1BD8933800006B54 /* SearchForm.swift */,
			);
			path = Structs;
			sourceTree = "<group>";
		};
		80CF5AD9D7B0263A3AD4C0D3 /* Frameworks */ = {
			isa = PBXGroup;
			children = (
				22137F271BD836BF00006B54 /* libsqlite3.tbd */,
				22137F251BD836B000006B54 /* libz.tbd */,
				22137F231BD8369F00006B54 /* SystemConfiguration.framework */,
				22137F211BD8369300006B54 /* StoreKit.framework */,
				22137F1F1BD8368900006B54 /* Social.framework */,
				22137F1D1BD8367F00006B54 /* Security.framework */,
				22137F1B1BD8367400006B54 /* QuartzCore.framework */,
				22137F191BD8366B00006B54 /* CoreLocation.framework */,
				22137F171BD8366000006B54 /* CoreGraphics.framework */,
				22137F151BD8365400006B54 /* CFNetwork.framework */,
				22137F131BD8364800006B54 /* AudioToolbox.framework */,
				22137F111BD8352E00006B54 /* Accounts.framework */,
				CFE1BCE1700007DC01417445 /* Pods_Homie.framework */,
			);
			name = Frameworks;
			sourceTree = "<group>";
		};
		FF1F8B09E94648D2F0DA17F2 /* Pods */ = {
			isa = PBXGroup;
			children = (
				AD9FE8CC8FA759738C5875FC /* Pods-Homie.debug.xcconfig */,
				51A19C6DD93C3E38B4BFA848 /* Pods-Homie.release.xcconfig */,
			);
			name = Pods;
			sourceTree = "<group>";
		};
/* End PBXGroup section */

/* Begin PBXNativeTarget section */
		22F5A43F1BC030540050E298 /* Homie */ = {
			isa = PBXNativeTarget;
			buildConfigurationList = 22F5A4681BC030540050E298 /* Build configuration list for PBXNativeTarget "Homie" */;
			buildPhases = (
				3A9ED8F89E8AF80E363352C7 /* Check Pods Manifest.lock */,
				22F5A43C1BC030540050E298 /* Sources */,
				22F5A43D1BC030540050E298 /* Frameworks */,
				22F5A43E1BC030540050E298 /* Resources */,
				DA7FE6DD4768AD30C43EC183 /* Embed Pods Frameworks */,
				A7B5DECE28825E436D700C4E /* Copy Pods Resources */,
			);
			buildRules = (
			);
			dependencies = (
			);
			name = Homie;
			productName = Homie;
			productReference = 22F5A4401BC030540050E298 /* Homie.app */;
			productType = "com.apple.product-type.application";
		};
		22F5A4531BC030540050E298 /* HomieTests */ = {
			isa = PBXNativeTarget;
			buildConfigurationList = 22F5A46B1BC030540050E298 /* Build configuration list for PBXNativeTarget "HomieTests" */;
			buildPhases = (
				22F5A4501BC030540050E298 /* Sources */,
				22F5A4511BC030540050E298 /* Frameworks */,
				22F5A4521BC030540050E298 /* Resources */,
			);
			buildRules = (
			);
			dependencies = (
				22F5A4561BC030540050E298 /* PBXTargetDependency */,
			);
			name = HomieTests;
			productName = HomieTests;
			productReference = 22F5A4541BC030540050E298 /* HomieTests.xctest */;
			productType = "com.apple.product-type.bundle.unit-test";
		};
		22F5A45E1BC030540050E298 /* HomieUITests */ = {
			isa = PBXNativeTarget;
			buildConfigurationList = 22F5A46E1BC030540050E298 /* Build configuration list for PBXNativeTarget "HomieUITests" */;
			buildPhases = (
				22F5A45B1BC030540050E298 /* Sources */,
				22F5A45C1BC030540050E298 /* Frameworks */,
				22F5A45D1BC030540050E298 /* Resources */,
			);
			buildRules = (
			);
			dependencies = (
				22F5A4611BC030540050E298 /* PBXTargetDependency */,
			);
			name = HomieUITests;
			productName = HomieUITests;
			productReference = 22F5A45F1BC030540050E298 /* HomieUITests.xctest */;
			productType = "com.apple.product-type.bundle.ui-testing";
		};
/* End PBXNativeTarget section */

/* Begin PBXProject section */
		22F5A4381BC030540050E298 /* Project object */ = {
			isa = PBXProject;
			attributes = {
				LastUpgradeCheck = 0700;
				ORGANIZATIONNAME = Homie;
				TargetAttributes = {
					22F5A43F1BC030540050E298 = {
						CreatedOnToolsVersion = 7.0;
						DevelopmentTeam = J9T57DG7T3;
					};
					22F5A4531BC030540050E298 = {
						CreatedOnToolsVersion = 7.0;
						TestTargetID = 22F5A43F1BC030540050E298;
					};
					22F5A45E1BC030540050E298 = {
						CreatedOnToolsVersion = 7.0;
						TestTargetID = 22F5A43F1BC030540050E298;
					};
				};
			};
			buildConfigurationList = 22F5A43B1BC030540050E298 /* Build configuration list for PBXProject "Homie" */;
			compatibilityVersion = "Xcode 3.2";
			developmentRegion = English;
			hasScannedForEncodings = 0;
			knownRegions = (
				en,
				Base,
			);
			mainGroup = 22F5A4371BC030540050E298;
			productRefGroup = 22F5A4411BC030540050E298 /* Products */;
			projectDirPath = "";
			projectRoot = "";
			targets = (
				22F5A43F1BC030540050E298 /* Homie */,
				22F5A4531BC030540050E298 /* HomieTests */,
				22F5A45E1BC030540050E298 /* HomieUITests */,
			);
		};
/* End PBXProject section */

/* Begin PBXResourcesBuildPhase section */
		22F5A43E1BC030540050E298 /* Resources */ = {
			isa = PBXResourcesBuildPhase;
			buildActionMask = 2147483647;
			files = (
				22F27E6B1BD08A3B009A4600 /* MarketItemCell.xib in Resources */,
				22C189FC1BD0BEB90098B55B /* EventItemCell.xib in Resources */,
				22F5A44E1BC030540050E298 /* LaunchScreen.storyboard in Resources */,
				227327401BE0D99D009D78B7 /* iconWallet.png in Resources */,
				22F5A4491BC030540050E298 /* Main.storyboard in Resources */,
				22C189F61BD0B8E30098B55B /* EventUIView.xib in Resources */,
				22794B391BC74D1E008092AE /* Assets.xcassets in Resources */,
				3EC1E9638F11320AED5DAA3A /* UserModelJson.json in Resources */,
			);
			runOnlyForDeploymentPostprocessing = 0;
		};
		22F5A4521BC030540050E298 /* Resources */ = {
			isa = PBXResourcesBuildPhase;
			buildActionMask = 2147483647;
			files = (
			);
			runOnlyForDeploymentPostprocessing = 0;
		};
		22F5A45D1BC030540050E298 /* Resources */ = {
			isa = PBXResourcesBuildPhase;
			buildActionMask = 2147483647;
			files = (
			);
			runOnlyForDeploymentPostprocessing = 0;
		};
/* End PBXResourcesBuildPhase section */

/* Begin PBXShellScriptBuildPhase section */
		3A9ED8F89E8AF80E363352C7 /* Check Pods Manifest.lock */ = {
			isa = PBXShellScriptBuildPhase;
			buildActionMask = 2147483647;
			files = (
			);
			inputPaths = (
			);
			name = "Check Pods Manifest.lock";
			outputPaths = (
			);
			runOnlyForDeploymentPostprocessing = 0;
			shellPath = /bin/sh;
			shellScript = "diff \"${PODS_ROOT}/../Podfile.lock\" \"${PODS_ROOT}/Manifest.lock\" > /dev/null\nif [[ $? != 0 ]] ; then\n    cat << EOM\nerror: The sandbox is not in sync with the Podfile.lock. Run 'pod install' or update your CocoaPods installation.\nEOM\n    exit 1\nfi\n";
			showEnvVarsInLog = 0;
		};
		A7B5DECE28825E436D700C4E /* Copy Pods Resources */ = {
			isa = PBXShellScriptBuildPhase;
			buildActionMask = 2147483647;
			files = (
			);
			inputPaths = (
			);
			name = "Copy Pods Resources";
			outputPaths = (
			);
			runOnlyForDeploymentPostprocessing = 0;
			shellPath = /bin/sh;
			shellScript = "\"${SRCROOT}/Pods/Target Support Files/Pods-Homie/Pods-Homie-resources.sh\"\n";
			showEnvVarsInLog = 0;
		};
		DA7FE6DD4768AD30C43EC183 /* Embed Pods Frameworks */ = {
			isa = PBXShellScriptBuildPhase;
			buildActionMask = 2147483647;
			files = (
			);
			inputPaths = (
			);
			name = "Embed Pods Frameworks";
			outputPaths = (
			);
			runOnlyForDeploymentPostprocessing = 0;
			shellPath = /bin/sh;
			shellScript = "\"${SRCROOT}/Pods/Target Support Files/Pods-Homie/Pods-Homie-frameworks.sh\"\n";
			showEnvVarsInLog = 0;
		};
/* End PBXShellScriptBuildPhase section */

/* Begin PBXSourcesBuildPhase section */
		22F5A43C1BC030540050E298 /* Sources */ = {
			isa = PBXSourcesBuildPhase;
			buildActionMask = 2147483647;
			files = (
				22794B3D1BC86894008092AE /* ItemModel.swift in Sources */,
				22137F2F1BD8957600006B54 /* ParseManager.swift in Sources */,
				229BA6471BC26CAC00FFEA41 /* UserModelJson.json in Sources */,
				22E3E0FA1BE0895E00FE560E /* DataHelper.swift in Sources */,
				229BA6451BC251B000FFEA41 /* HomeModel.swift in Sources */,
				22F5A4461BC030540050E298 /* LoginViewController.swift in Sources */,
				229BA6431BC251A700FFEA41 /* UserModel.swift in Sources */,
				22F2BDB01BCC7CEA003F1F93 /* EventsViewController.swift in Sources */,
				22896B971BD9C03900500A45 /* Utils.swift in Sources */,
				22794B3B1BC86883008092AE /* EventModel.swift in Sources */,
				22F2BDB21BCC8DB0003F1F93 /* MarketViewController.swift in Sources */,
				22B2193D1BDC703100876CA6 /* PrimitivesExtension.swift in Sources */,
				22F5A4441BC030540050E298 /* AppDelegate.swift in Sources */,
				3EC1E7A6513357B5502F2D82 /* BackEndProtocol.swift in Sources */,
				22F2BDAE1BCC7C53003F1F93 /* FinanceViewController.swift in Sources */,
				22137F311BD8F23700006B54 /* SignUpViewController.swift in Sources */,
				3EC1EE1DB587041043F9A140 /* LoginForm.swift in Sources */,
				2295ADA81BCDA55900CB9601 /* SetttingsViewController.swift in Sources */,
				3EC1E89CC730DE4ABE1CB005 /* MockBackEndManager.swift in Sources */,
				22C189FA1BD0BE9D0098B55B /* EventItemCell.swift in Sources */,
				22E3E0F81BE06E3400FE560E /* BackEndCallCompleteProtocol.swift in Sources */,
				22B19B3A1BC5D21B00241232 /* HomeViewController.swift in Sources */,
				22137F2B1BD8928700006B54 /* SignUpForm.swift in Sources */,
				22C16C3F1BC2708400D02243 /* UserInfo.swift in Sources */,
				22C189F81BD0B8FF0098B55B /* EventUIView.swift in Sources */,
				226074C51BDF2DB100C52EA7 /* TabBarController.swift in Sources */,
				3EC1E5029EDC3225307C9EEA /* MockBackendData.swift in Sources */,
				22137F2D1BD8933800006B54 /* SearchForm.swift in Sources */,
				22E8585D1BDB2DF200FB141B /* AlertHelper.swift in Sources */,
				22F27E671BD088F2009A4600 /* MarketItemCell.swift in Sources */,
				22C16C411BC2839B00D02243 /* Constants.swift in Sources */,
			);
			runOnlyForDeploymentPostprocessing = 0;
		};
		22F5A4501BC030540050E298 /* Sources */ = {
			isa = PBXSourcesBuildPhase;
			buildActionMask = 2147483647;
			files = (
				22896B991BD9C22700500A45 /* UtilsTest.swift in Sources */,
				22B19B381BC5C09F00241232 /* LoginControllerTest.swift in Sources */,
				22896B951BD9B4FE00500A45 /* SignUpControllerTest.swift in Sources */,
				228B57921BDAF7B6006C3822 /* ParseManagerTest.swift in Sources */,
			);
			runOnlyForDeploymentPostprocessing = 0;
		};
		22F5A45B1BC030540050E298 /* Sources */ = {
			isa = PBXSourcesBuildPhase;
			buildActionMask = 2147483647;
			files = (
				22F5A4641BC030540050E298 /* HomieUITests.swift in Sources */,
			);
			runOnlyForDeploymentPostprocessing = 0;
		};
/* End PBXSourcesBuildPhase section */

/* Begin PBXTargetDependency section */
		22F5A4561BC030540050E298 /* PBXTargetDependency */ = {
			isa = PBXTargetDependency;
			target = 22F5A43F1BC030540050E298 /* Homie */;
			targetProxy = 22F5A4551BC030540050E298 /* PBXContainerItemProxy */;
		};
		22F5A4611BC030540050E298 /* PBXTargetDependency */ = {
			isa = PBXTargetDependency;
			target = 22F5A43F1BC030540050E298 /* Homie */;
			targetProxy = 22F5A4601BC030540050E298 /* PBXContainerItemProxy */;
		};
/* End PBXTargetDependency section */

/* Begin PBXVariantGroup section */
		22F5A4471BC030540050E298 /* Main.storyboard */ = {
			isa = PBXVariantGroup;
			children = (
				22F5A4481BC030540050E298 /* Base */,
			);
			name = Main.storyboard;
			sourceTree = "<group>";
		};
		22F5A44C1BC030540050E298 /* LaunchScreen.storyboard */ = {
			isa = PBXVariantGroup;
			children = (
				22F5A44D1BC030540050E298 /* Base */,
			);
			name = LaunchScreen.storyboard;
			sourceTree = "<group>";
		};
/* End PBXVariantGroup section */

/* Begin XCBuildConfiguration section */
		22F5A4661BC030540050E298 /* Debug */ = {
			isa = XCBuildConfiguration;
			buildSettings = {
				ALWAYS_SEARCH_USER_PATHS = NO;
				CLANG_CXX_LANGUAGE_STANDARD = "gnu++0x";
				CLANG_CXX_LIBRARY = "libc++";
				CLANG_ENABLE_MODULES = YES;
				CLANG_ENABLE_OBJC_ARC = YES;
				CLANG_WARN_BOOL_CONVERSION = YES;
				CLANG_WARN_CONSTANT_CONVERSION = YES;
				CLANG_WARN_DIRECT_OBJC_ISA_USAGE = YES_ERROR;
				CLANG_WARN_EMPTY_BODY = YES;
				CLANG_WARN_ENUM_CONVERSION = YES;
				CLANG_WARN_INT_CONVERSION = YES;
				CLANG_WARN_OBJC_ROOT_CLASS = YES_ERROR;
				CLANG_WARN_UNREACHABLE_CODE = YES;
				CLANG_WARN__DUPLICATE_METHOD_MATCH = YES;
				"CODE_SIGN_IDENTITY[sdk=iphoneos*]" = "iPhone Developer";
				COPY_PHASE_STRIP = NO;
				DEBUG_INFORMATION_FORMAT = dwarf;
				ENABLE_STRICT_OBJC_MSGSEND = YES;
				ENABLE_TESTABILITY = YES;
				GCC_C_LANGUAGE_STANDARD = gnu99;
				GCC_DYNAMIC_NO_PIC = NO;
				GCC_NO_COMMON_BLOCKS = YES;
				GCC_OPTIMIZATION_LEVEL = 0;
				GCC_PREPROCESSOR_DEFINITIONS = (
					"DEBUG=1",
					"$(inherited)",
				);
				GCC_WARN_64_TO_32_BIT_CONVERSION = YES;
				GCC_WARN_ABOUT_RETURN_TYPE = YES_ERROR;
				GCC_WARN_UNDECLARED_SELECTOR = YES;
				GCC_WARN_UNINITIALIZED_AUTOS = YES_AGGRESSIVE;
				GCC_WARN_UNUSED_FUNCTION = YES;
				GCC_WARN_UNUSED_VARIABLE = YES;
				IPHONEOS_DEPLOYMENT_TARGET = 9.0;
				MTL_ENABLE_DEBUG_INFO = YES;
				ONLY_ACTIVE_ARCH = YES;
				SDKROOT = iphoneos;
				SWIFT_OPTIMIZATION_LEVEL = "-Onone";
			};
			name = Debug;
		};
		22F5A4671BC030540050E298 /* Release */ = {
			isa = XCBuildConfiguration;
			buildSettings = {
				ALWAYS_SEARCH_USER_PATHS = NO;
				CLANG_CXX_LANGUAGE_STANDARD = "gnu++0x";
				CLANG_CXX_LIBRARY = "libc++";
				CLANG_ENABLE_MODULES = YES;
				CLANG_ENABLE_OBJC_ARC = YES;
				CLANG_WARN_BOOL_CONVERSION = YES;
				CLANG_WARN_CONSTANT_CONVERSION = YES;
				CLANG_WARN_DIRECT_OBJC_ISA_USAGE = YES_ERROR;
				CLANG_WARN_EMPTY_BODY = YES;
				CLANG_WARN_ENUM_CONVERSION = YES;
				CLANG_WARN_INT_CONVERSION = YES;
				CLANG_WARN_OBJC_ROOT_CLASS = YES_ERROR;
				CLANG_WARN_UNREACHABLE_CODE = YES;
				CLANG_WARN__DUPLICATE_METHOD_MATCH = YES;
				"CODE_SIGN_IDENTITY[sdk=iphoneos*]" = "iPhone Developer";
				COPY_PHASE_STRIP = NO;
				DEBUG_INFORMATION_FORMAT = "dwarf-with-dsym";
				ENABLE_NS_ASSERTIONS = NO;
				ENABLE_STRICT_OBJC_MSGSEND = YES;
				GCC_C_LANGUAGE_STANDARD = gnu99;
				GCC_NO_COMMON_BLOCKS = YES;
				GCC_WARN_64_TO_32_BIT_CONVERSION = YES;
				GCC_WARN_ABOUT_RETURN_TYPE = YES_ERROR;
				GCC_WARN_UNDECLARED_SELECTOR = YES;
				GCC_WARN_UNINITIALIZED_AUTOS = YES_AGGRESSIVE;
				GCC_WARN_UNUSED_FUNCTION = YES;
				GCC_WARN_UNUSED_VARIABLE = YES;
				IPHONEOS_DEPLOYMENT_TARGET = 9.0;
				MTL_ENABLE_DEBUG_INFO = NO;
				SDKROOT = iphoneos;
				VALIDATE_PRODUCT = YES;
			};
			name = Release;
		};
		22F5A4691BC030540050E298 /* Debug */ = {
			isa = XCBuildConfiguration;
			baseConfigurationReference = AD9FE8CC8FA759738C5875FC /* Pods-Homie.debug.xcconfig */;
			buildSettings = {
				ASSETCATALOG_COMPILER_APPICON_NAME = AppIcon;
				CODE_SIGN_IDENTITY = "iPhone Developer";
				"CODE_SIGN_IDENTITY[sdk=iphoneos*]" = "iPhone Developer";
				FRAMEWORK_SEARCH_PATHS = (
					"$(inherited)",
					"$(PROJECT_DIR)",
				);
				INFOPLIST_FILE = Homie/Info.plist;
				LD_RUNPATH_SEARCH_PATHS = "$(inherited) @executable_path/Frameworks";
				PRODUCT_BUNDLE_IDENTIFIER = org.homie.io.Homie;
				PRODUCT_NAME = "$(TARGET_NAME)";
				PROVISIONING_PROFILE = "";
			};
			name = Debug;
		};
		22F5A46A1BC030540050E298 /* Release */ = {
			isa = XCBuildConfiguration;
			baseConfigurationReference = 51A19C6DD93C3E38B4BFA848 /* Pods-Homie.release.xcconfig */;
			buildSettings = {
				ASSETCATALOG_COMPILER_APPICON_NAME = AppIcon;
				CODE_SIGN_IDENTITY = "iPhone Developer";
				"CODE_SIGN_IDENTITY[sdk=iphoneos*]" = "iPhone Developer";
				FRAMEWORK_SEARCH_PATHS = (
					"$(inherited)",
					"$(PROJECT_DIR)",
				);
				INFOPLIST_FILE = Homie/Info.plist;
				LD_RUNPATH_SEARCH_PATHS = "$(inherited) @executable_path/Frameworks";
				PRODUCT_BUNDLE_IDENTIFIER = org.homie.io.Homie;
				PRODUCT_NAME = "$(TARGET_NAME)";
				PROVISIONING_PROFILE = "";
			};
			name = Release;
		};
		22F5A46C1BC030540050E298 /* Debug */ = {
			isa = XCBuildConfiguration;
			buildSettings = {
				BUNDLE_LOADER = "$(TEST_HOST)";
				INFOPLIST_FILE = HomieTests/Info.plist;
				LD_RUNPATH_SEARCH_PATHS = "$(inherited) @executable_path/Frameworks @loader_path/Frameworks";
				PRODUCT_BUNDLE_IDENTIFIER = org.homie.io.HomieTests;
				PRODUCT_NAME = "$(TARGET_NAME)";
				TEST_HOST = "$(BUILT_PRODUCTS_DIR)/Homie.app/Homie";
			};
			name = Debug;
		};
		22F5A46D1BC030540050E298 /* Release */ = {
			isa = XCBuildConfiguration;
			buildSettings = {
				BUNDLE_LOADER = "$(TEST_HOST)";
				INFOPLIST_FILE = HomieTests/Info.plist;
				LD_RUNPATH_SEARCH_PATHS = "$(inherited) @executable_path/Frameworks @loader_path/Frameworks";
				PRODUCT_BUNDLE_IDENTIFIER = org.homie.io.HomieTests;
				PRODUCT_NAME = "$(TARGET_NAME)";
				TEST_HOST = "$(BUILT_PRODUCTS_DIR)/Homie.app/Homie";
			};
			name = Release;
		};
		22F5A46F1BC030540050E298 /* Debug */ = {
			isa = XCBuildConfiguration;
			buildSettings = {
				INFOPLIST_FILE = HomieUITests/Info.plist;
				LD_RUNPATH_SEARCH_PATHS = "$(inherited) @executable_path/Frameworks @loader_path/Frameworks";
				PRODUCT_BUNDLE_IDENTIFIER = org.homie.io.HomieUITests;
				PRODUCT_NAME = "$(TARGET_NAME)";
				TEST_TARGET_NAME = Homie;
				USES_XCTRUNNER = YES;
			};
			name = Debug;
		};
		22F5A4701BC030540050E298 /* Release */ = {
			isa = XCBuildConfiguration;
			buildSettings = {
				INFOPLIST_FILE = HomieUITests/Info.plist;
				LD_RUNPATH_SEARCH_PATHS = "$(inherited) @executable_path/Frameworks @loader_path/Frameworks";
				PRODUCT_BUNDLE_IDENTIFIER = org.homie.io.HomieUITests;
				PRODUCT_NAME = "$(TARGET_NAME)";
				TEST_TARGET_NAME = Homie;
				USES_XCTRUNNER = YES;
			};
			name = Release;
		};
/* End XCBuildConfiguration section */

/* Begin XCConfigurationList section */
		22F5A43B1BC030540050E298 /* Build configuration list for PBXProject "Homie" */ = {
			isa = XCConfigurationList;
			buildConfigurations = (
				22F5A4661BC030540050E298 /* Debug */,
				22F5A4671BC030540050E298 /* Release */,
			);
			defaultConfigurationIsVisible = 0;
			defaultConfigurationName = Release;
		};
		22F5A4681BC030540050E298 /* Build configuration list for PBXNativeTarget "Homie" */ = {
			isa = XCConfigurationList;
			buildConfigurations = (
				22F5A4691BC030540050E298 /* Debug */,
				22F5A46A1BC030540050E298 /* Release */,
			);
			defaultConfigurationIsVisible = 0;
			defaultConfigurationName = Release;
		};
		22F5A46B1BC030540050E298 /* Build configuration list for PBXNativeTarget "HomieTests" */ = {
			isa = XCConfigurationList;
			buildConfigurations = (
				22F5A46C1BC030540050E298 /* Debug */,
				22F5A46D1BC030540050E298 /* Release */,
			);
			defaultConfigurationIsVisible = 0;
			defaultConfigurationName = Release;
		};
		22F5A46E1BC030540050E298 /* Build configuration list for PBXNativeTarget "HomieUITests" */ = {
			isa = XCConfigurationList;
			buildConfigurations = (
				22F5A46F1BC030540050E298 /* Debug */,
				22F5A4701BC030540050E298 /* Release */,
			);
			defaultConfigurationIsVisible = 0;
			defaultConfigurationName = Release;
		};
/* End XCConfigurationList section */
	};
	rootObject = 22F5A4381BC030540050E298 /* Project object */;
}
